
Microsoft Visual Studio Solution File, Format Version 12.00
# Visual Studio Version 17
VisualStudioVersion = 17.5.002.0
MinimumVisualStudioVersion = 10.0.40219.1
Project("{9A19103F-16F7-4668-BE54-9A1E7A4F7556}") = "Eksamen", "Eksamen.csproj", "{447ADA2E-53AF-4E09-9CCF-14BEB3640188}"
EndProject
Global
	GlobalSection(SolutionConfigurationPlatforms) = preSolution
		Debug|Any CPU = Debug|Any CPU
		Release|Any CPU = Release|Any CPU
	EndGlobalSection
	GlobalSection(ProjectConfigurationPlatforms) = postSolution
		{447ADA2E-53AF-4E09-9CCF-14BEB3640188}.Debug|Any CPU.ActiveCfg = Debug|Any CPU
		{447ADA2E-53AF-4E09-9CCF-14BEB3640188}.Debug|Any CPU.Build.0 = Debug|Any CPU
		{447ADA2E-53AF-4E09-9CCF-14BEB3640188}.Release|Any CPU.ActiveCfg = Release|Any CPU
		{447ADA2E-53AF-4E09-9CCF-14BEB3640188}.Release|Any CPU.Build.0 = Release|Any CPU
	EndGlobalSection
	GlobalSection(SolutionProperties) = preSolution
		HideSolutionNode = FALSE
	EndGlobalSection
	GlobalSection(ExtensibilityGlobals) = postSolution
		SolutionGuid = {8383A101-ABB6-42B6-B581-638BE0C201BB}
	EndGlobalSection
EndGlobal
